
Microsoft Visual Studio Solution File, Format Version 12.00
# Visual Studio Version 17
VisualStudioVersion = 17.12.35514.174 d17.12
MinimumVisualStudioVersion = 10.0.40219.1
Project("{FAE04EC0-301F-11D3-BF4B-00C04F79EFBC}") = "Week2", "Week2\Week2.csproj", "{82EDC1F6-976D-4398-962A-CBC83F204520}"
EndProject
Project("{FAE04EC0-301F-11D3-BF4B-00C04F79EFBC}") = "UserGenderValidation", "UserAgeValidation\UserGenderValidation.csproj", "{AFB750B5-8ECF-4510-890C-47FB8039BB87}"
EndProject
Project("{FAE04EC0-301F-11D3-BF4B-00C04F79EFBC}") = "UserAgeValidation1", "UserAgeValidation1\UserAgeValidation1.csproj", "{8C458A28-F896-49E3-837A-28D83D00BE12}"
EndProject
Global
	GlobalSection(SolutionConfigurationPlatforms) = preSolution
		Debug|Any CPU = Debug|Any CPU
		Release|Any CPU = Release|Any CPU
	EndGlobalSection
	GlobalSection(ProjectConfigurationPlatforms) = postSolution
		{82EDC1F6-976D-4398-962A-CBC83F204520}.Debug|Any CPU.ActiveCfg = Debug|Any CPU
		{82EDC1F6-976D-4398-962A-CBC83F204520}.Debug|Any CPU.Build.0 = Debug|Any CPU
		{82EDC1F6-976D-4398-962A-CBC83F204520}.Release|Any CPU.ActiveCfg = Release|Any CPU
		{82EDC1F6-976D-4398-962A-CBC83F204520}.Release|Any CPU.Build.0 = Release|Any CPU
		{AFB750B5-8ECF-4510-890C-47FB8039BB87}.Debug|Any CPU.ActiveCfg = Debug|Any CPU
		{AFB750B5-8ECF-4510-890C-47FB8039BB87}.Debug|Any CPU.Build.0 = Debug|Any CPU
		{AFB750B5-8ECF-4510-890C-47FB8039BB87}.Release|Any CPU.ActiveCfg = Release|Any CPU
		{AFB750B5-8ECF-4510-890C-47FB8039BB87}.Release|Any CPU.Build.0 = Release|Any CPU
		{8C458A28-F896-49E3-837A-28D83D00BE12}.Debug|Any CPU.ActiveCfg = Debug|Any CPU
		{8C458A28-F896-49E3-837A-28D83D00BE12}.Debug|Any CPU.Build.0 = Debug|Any CPU
		{8C458A28-F896-49E3-837A-28D83D00BE12}.Release|Any CPU.ActiveCfg = Release|Any CPU
		{8C458A28-F896-49E3-837A-28D83D00BE12}.Release|Any CPU.Build.0 = Release|Any CPU
	EndGlobalSection
	GlobalSection(SolutionProperties) = preSolution
		HideSolutionNode = FALSE
	EndGlobalSection
EndGlobal
